
Microsoft Visual Studio Solution File, Format Version 12.00
# Visual Studio Version 16
VisualStudioVersion = 16.0.33027.164
MinimumVisualStudioVersion = 10.0.40219.1
Project("{FAE04EC0-301F-11D3-BF4B-00C04F79EFBC}") = "Primer_Ejercicio.Android", "Primer_Ejercicio.Android\Primer_Ejercicio.Android.csproj", "{05CF85B4-352C-4D1C-AB10-7F54124CE2EF}"
EndProject
Project("{FAE04EC0-301F-11D3-BF4B-00C04F79EFBC}") = "Primer_Ejercicio", "Primer_Ejercicio\Primer_Ejercicio.csproj", "{B6FFFA24-9A79-4C3C-9464-67259584F1F3}"
EndProject
Global
	GlobalSection(SolutionConfigurationPlatforms) = preSolution
		Debug|Any CPU = Debug|Any CPU
		Release|Any CPU = Release|Any CPU
	EndGlobalSection
	GlobalSection(ProjectConfigurationPlatforms) = postSolution
		{05CF85B4-352C-4D1C-AB10-7F54124CE2EF}.Debug|Any CPU.ActiveCfg = Debug|Any CPU
		{05CF85B4-352C-4D1C-AB10-7F54124CE2EF}.Debug|Any CPU.Build.0 = Debug|Any CPU
		{05CF85B4-352C-4D1C-AB10-7F54124CE2EF}.Debug|Any CPU.Deploy.0 = Debug|Any CPU
		{05CF85B4-352C-4D1C-AB10-7F54124CE2EF}.Release|Any CPU.ActiveCfg = Release|Any CPU
		{05CF85B4-352C-4D1C-AB10-7F54124CE2EF}.Release|Any CPU.Build.0 = Release|Any CPU
		{05CF85B4-352C-4D1C-AB10-7F54124CE2EF}.Release|Any CPU.Deploy.0 = Release|Any CPU
		{B6FFFA24-9A79-4C3C-9464-67259584F1F3}.Debug|Any CPU.ActiveCfg = Debug|Any CPU
		{B6FFFA24-9A79-4C3C-9464-67259584F1F3}.Debug|Any CPU.Build.0 = Debug|Any CPU
		{B6FFFA24-9A79-4C3C-9464-67259584F1F3}.Debug|Any CPU.Deploy.0 = Debug|Any CPU
		{B6FFFA24-9A79-4C3C-9464-67259584F1F3}.Release|Any CPU.ActiveCfg = Release|Any CPU
		{B6FFFA24-9A79-4C3C-9464-67259584F1F3}.Release|Any CPU.Build.0 = Release|Any CPU
		{B6FFFA24-9A79-4C3C-9464-67259584F1F3}.Release|Any CPU.Deploy.0 = Release|Any CPU
	EndGlobalSection
	GlobalSection(SolutionProperties) = preSolution
		HideSolutionNode = FALSE
	EndGlobalSection
	GlobalSection(ExtensibilityGlobals) = postSolution
		SolutionGuid = {872B748D-4172-4F3E-AC4E-8EB1EC56D9F9}
	EndGlobalSection
EndGlobal
